// !$*UTF8*$!
{
	archiveVersion = 1;
	classes = {
	};
	objectVersion = 56;
	objects = {

/* Begin PBXBuildFile section */
		2C7E9D022BE0FA5C00EBD53B /* PhoneNumberAuthApp.swift in Sources */ = {isa = PBXBuildFile; fileRef = 2C7E9D012BE0FA5C00EBD53B /* PhoneNumberAuthApp.swift */; };
		2C7E9D042BE0FA5C00EBD53B /* EnterView.swift in Sources */ = {isa = PBXBuildFile; fileRef = 2C7E9D032BE0FA5C00EBD53B /* EnterView.swift */; };
		2C7E9D062BE0FA5E00EBD53B /* Assets.xcassets in Resources */ = {isa = PBXBuildFile; fileRef = 2C7E9D052BE0FA5E00EBD53B /* Assets.xcassets */; };
		2C7E9D092BE0FA5E00EBD53B /* Preview Assets.xcassets in Resources */ = {isa = PBXBuildFile; fileRef = 2C7E9D082BE0FA5E00EBD53B /* Preview Assets.xcassets */; };
		2C7E9D112BE0FAF300EBD53B /* Quickblox in Frameworks */ = {isa = PBXBuildFile; productRef = 2C7E9D102BE0FAF300EBD53B /* Quickblox */; };
		2CFD8D9C2BE3B0DD0007D164 /* FirebasePhoneAuthUI in Frameworks */ = {isa = PBXBuildFile; productRef = 2CFD8D9B2BE3B0DD0007D164 /* FirebasePhoneAuthUI */; };
		2CFD8D9E2BE3B8140007D164 /* FirebasePhoneAuthView.swift in Sources */ = {isa = PBXBuildFile; fileRef = 2CFD8D9D2BE3B8140007D164 /* FirebasePhoneAuthView.swift */; };
		2CFEAED52BE3BC81004C0AA5 /* QuickbloxAPI.swift in Sources */ = {isa = PBXBuildFile; fileRef = 2CFEAED42BE3BC81004C0AA5 /* QuickbloxAPI.swift */; };
		2CFEAEE72BE3D9E9004C0AA5 /* AppDelegate.swift in Sources */ = {isa = PBXBuildFile; fileRef = 2CFEAEE62BE3D9E9004C0AA5 /* AppDelegate.swift */; };
/* End PBXBuildFile section */

/* Begin PBXFileReference section */
		2C7E9CFE2BE0FA5C00EBD53B /* PhoneNumberAuth.app */ = {isa = PBXFileReference; explicitFileType = wrapper.application; includeInIndex = 0; path = PhoneNumberAuth.app; sourceTree = BUILT_PRODUCTS_DIR; };
		2C7E9D012BE0FA5C00EBD53B /* PhoneNumberAuthApp.swift */ = {isa = PBXFileReference; lastKnownFileType = sourcecode.swift; path = PhoneNumberAuthApp.swift; sourceTree = "<group>"; };
		2C7E9D032BE0FA5C00EBD53B /* EnterView.swift */ = {isa = PBXFileReference; lastKnownFileType = sourcecode.swift; path = EnterView.swift; sourceTree = "<group>"; };
		2C7E9D052BE0FA5E00EBD53B /* Assets.xcassets */ = {isa = PBXFileReference; lastKnownFileType = folder.assetcatalog; path = Assets.xcassets; sourceTree = "<group>"; };
		2C7E9D082BE0FA5E00EBD53B /* Preview Assets.xcassets */ = {isa = PBXFileReference; lastKnownFileType = folder.assetcatalog; path = "Preview Assets.xcassets"; sourceTree = "<group>"; };
		2CFD8D9D2BE3B8140007D164 /* FirebasePhoneAuthView.swift */ = {isa = PBXFileReference; lastKnownFileType = sourcecode.swift; path = FirebasePhoneAuthView.swift; sourceTree = "<group>"; };
		2CFEAED42BE3BC81004C0AA5 /* QuickbloxAPI.swift */ = {isa = PBXFileReference; lastKnownFileType = sourcecode.swift; path = QuickbloxAPI.swift; sourceTree = "<group>"; };
		2CFEAEE62BE3D9E9004C0AA5 /* AppDelegate.swift */ = {isa = PBXFileReference; fileEncoding = 4; lastKnownFileType = sourcecode.swift; path = AppDelegate.swift; sourceTree = "<group>"; };
/* End PBXFileReference section */

/* Begin PBXFrameworksBuildPhase section */
		2C7E9CFB2BE0FA5C00EBD53B /* Frameworks */ = {
			isa = PBXFrameworksBuildPhase;
			buildActionMask = 2147483647;
			files = (
				2CFD8D9C2BE3B0DD0007D164 /* FirebasePhoneAuthUI in Frameworks */,
				2C7E9D112BE0FAF300EBD53B /* Quickblox in Frameworks */,
			);
			runOnlyForDeploymentPostprocessing = 0;
		};
/* End PBXFrameworksBuildPhase section */

/* Begin PBXGroup section */
		2C7E9CF52BE0FA5C00EBD53B = {
			isa = PBXGroup;
			children = (
				2C7E9D002BE0FA5C00EBD53B /* PhoneNumberAuth */,
				2C7E9CFF2BE0FA5C00EBD53B /* Products */,
			);
			sourceTree = "<group>";
		};
		2C7E9CFF2BE0FA5C00EBD53B /* Products */ = {
			isa = PBXGroup;
			children = (
				2C7E9CFE2BE0FA5C00EBD53B /* PhoneNumberAuth.app */,
			);
			name = Products;
			sourceTree = "<group>";
		};
		2C7E9D002BE0FA5C00EBD53B /* PhoneNumberAuth */ = {
			isa = PBXGroup;
			children = (
				2CFEAEE62BE3D9E9004C0AA5 /* AppDelegate.swift */,
				2CFEAED62BE3BC8C004C0AA5 /* API */,
				2CFEAED72BE3BCA2004C0AA5 /* Views */,
				2C7E9D052BE0FA5E00EBD53B /* Assets.xcassets */,
				2C7E9D072BE0FA5E00EBD53B /* Preview Content */,
			);
			path = PhoneNumberAuth;
			sourceTree = "<group>";
		};
		2C7E9D072BE0FA5E00EBD53B /* Preview Content */ = {
			isa = PBXGroup;
			children = (
				2C7E9D082BE0FA5E00EBD53B /* Preview Assets.xcassets */,
			);
			path = "Preview Content";
			sourceTree = "<group>";
		};
		2CFEAED62BE3BC8C004C0AA5 /* API */ = {
			isa = PBXGroup;
			children = (
				2CFEAED42BE3BC81004C0AA5 /* QuickbloxAPI.swift */,
			);
			path = API;
			sourceTree = "<group>";
		};
		2CFEAED72BE3BCA2004C0AA5 /* Views */ = {
			isa = PBXGroup;
			children = (
				2CFD8D9D2BE3B8140007D164 /* FirebasePhoneAuthView.swift */,
				2C7E9D032BE0FA5C00EBD53B /* EnterView.swift */,
				2C7E9D012BE0FA5C00EBD53B /* PhoneNumberAuthApp.swift */,
			);
			path = Views;
			sourceTree = "<group>";
		};
/* End PBXGroup section */

/* Begin PBXNativeTarget section */
		2C7E9CFD2BE0FA5C00EBD53B /* PhoneNumberAuth */ = {
			isa = PBXNativeTarget;
			buildConfigurationList = 2C7E9D0C2BE0FA5E00EBD53B /* Build configuration list for PBXNativeTarget "PhoneNumberAuth" */;
			buildPhases = (
				2C7E9CFA2BE0FA5C00EBD53B /* Sources */,
				2C7E9CFB2BE0FA5C00EBD53B /* Frameworks */,
				2C7E9CFC2BE0FA5C00EBD53B /* Resources */,
			);
			buildRules = (
			);
			dependencies = (
			);
			name = PhoneNumberAuth;
			packageProductDependencies = (
				2C7E9D102BE0FAF300EBD53B /* Quickblox */,
				2CFD8D9B2BE3B0DD0007D164 /* FirebasePhoneAuthUI */,
			);
			productName = PhoneNumberAuth;
			productReference = 2C7E9CFE2BE0FA5C00EBD53B /* PhoneNumberAuth.app */;
			productType = "com.apple.product-type.application";
		};
/* End PBXNativeTarget section */

/* Begin PBXProject section */
		2C7E9CF62BE0FA5C00EBD53B /* Project object */ = {
			isa = PBXProject;
			attributes = {
				BuildIndependentTargetsInParallel = 1;
				LastSwiftUpdateCheck = 1530;
				LastUpgradeCheck = 1530;
				TargetAttributes = {
					2C7E9CFD2BE0FA5C00EBD53B = {
						CreatedOnToolsVersion = 15.3;
					};
				};
			};
			buildConfigurationList = 2C7E9CF92BE0FA5C00EBD53B /* Build configuration list for PBXProject "PhoneNumberAuth" */;
			compatibilityVersion = "Xcode 14.0";
			developmentRegion = en;
			hasScannedForEncodings = 0;
			knownRegions = (
				en,
				Base,
			);
			mainGroup = 2C7E9CF52BE0FA5C00EBD53B;
			packageReferences = (
				2C7E9D0F2BE0FAF300EBD53B /* XCRemoteSwiftPackageReference "ios-quickblox-sdk" */,
				2CFD8D9A2BE3B0DD0007D164 /* XCRemoteSwiftPackageReference "FirebaseUI-iOS" */,
			);
			productRefGroup = 2C7E9CFF2BE0FA5C00EBD53B /* Products */;
			projectDirPath = "";
			projectRoot = "";
			targets = (
				2C7E9CFD2BE0FA5C00EBD53B /* PhoneNumberAuth */,
			);
		};
/* End PBXProject section */

/* Begin PBXResourcesBuildPhase section */
		2C7E9CFC2BE0FA5C00EBD53B /* Resources */ = {
			isa = PBXResourcesBuildPhase;
			buildActionMask = 2147483647;
			files = (
				2C7E9D092BE0FA5E00EBD53B /* Preview Assets.xcassets in Resources */,
				2C7E9D062BE0FA5E00EBD53B /* Assets.xcassets in Resources */,
			);
			runOnlyForDeploymentPostprocessing = 0;
		};
/* End PBXResourcesBuildPhase section */

/* Begin PBXSourcesBuildPhase section */
		2C7E9CFA2BE0FA5C00EBD53B /* Sources */ = {
			isa = PBXSourcesBuildPhase;
			buildActionMask = 2147483647;
			files = (
				2C7E9D042BE0FA5C00EBD53B /* EnterView.swift in Sources */,
				2CFEAED52BE3BC81004C0AA5 /* QuickbloxAPI.swift in Sources */,
				2C7E9D022BE0FA5C00EBD53B /* PhoneNumberAuthApp.swift in Sources */,
				2CFEAEE72BE3D9E9004C0AA5 /* AppDelegate.swift in Sources */,
				2CFD8D9E2BE3B8140007D164 /* FirebasePhoneAuthView.swift in Sources */,
			);
			runOnlyForDeploymentPostprocessing = 0;
		};
/* End PBXSourcesBuildPhase section */

/* Begin XCBuildConfiguration section */
		2C7E9D0A2BE0FA5E00EBD53B /* Debug */ = {
			isa = XCBuildConfiguration;
			buildSettings = {
				ALWAYS_SEARCH_USER_PATHS = NO;
				ASSETCATALOG_COMPILER_GENERATE_SWIFT_ASSET_SYMBOL_EXTENSIONS = YES;
				CLANG_ANALYZER_NONNULL = YES;
				CLANG_ANALYZER_NUMBER_OBJECT_CONVERSION = YES_AGGRESSIVE;
				CLANG_CXX_LANGUAGE_STANDARD = "gnu++20";
				CLANG_ENABLE_MODULES = YES;
				CLANG_ENABLE_OBJC_ARC = YES;
				CLANG_ENABLE_OBJC_WEAK = YES;
				CLANG_WARN_BLOCK_CAPTURE_AUTORELEASING = YES;
				CLANG_WARN_BOOL_CONVERSION = YES;
				CLANG_WARN_COMMA = YES;
				CLANG_WARN_CONSTANT_CONVERSION = YES;
				CLANG_WARN_DEPRECATED_OBJC_IMPLEMENTATIONS = YES;
				CLANG_WARN_DIRECT_OBJC_ISA_USAGE = YES_ERROR;
				CLANG_WARN_DOCUMENTATION_COMMENTS = YES;
				CLANG_WARN_EMPTY_BODY = YES;
				CLANG_WARN_ENUM_CONVERSION = YES;
				CLANG_WARN_INFINITE_RECURSION = YES;
				CLANG_WARN_INT_CONVERSION = YES;
				CLANG_WARN_NON_LITERAL_NULL_CONVERSION = YES;
				CLANG_WARN_OBJC_IMPLICIT_RETAIN_SELF = YES;
				CLANG_WARN_OBJC_LITERAL_CONVERSION = YES;
				CLANG_WARN_OBJC_ROOT_CLASS = YES_ERROR;
				CLANG_WARN_QUOTED_INCLUDE_IN_FRAMEWORK_HEADER = YES;
				CLANG_WARN_RANGE_LOOP_ANALYSIS = YES;
				CLANG_WARN_STRICT_PROTOTYPES = YES;
				CLANG_WARN_SUSPICIOUS_MOVE = YES;
				CLANG_WARN_UNGUARDED_AVAILABILITY = YES_AGGRESSIVE;
				CLANG_WARN_UNREACHABLE_CODE = YES;
				CLANG_WARN__DUPLICATE_METHOD_MATCH = YES;
				COPY_PHASE_STRIP = NO;
				DEBUG_INFORMATION_FORMAT = dwarf;
				ENABLE_STRICT_OBJC_MSGSEND = YES;
				ENABLE_TESTABILITY = YES;
				ENABLE_USER_SCRIPT_SANDBOXING = YES;
				GCC_C_LANGUAGE_STANDARD = gnu17;
				GCC_DYNAMIC_NO_PIC = NO;
				GCC_NO_COMMON_BLOCKS = YES;
				GCC_OPTIMIZATION_LEVEL = 0;
				GCC_PREPROCESSOR_DEFINITIONS = (
					"DEBUG=1",
					"$(inherited)",
				);
				GCC_WARN_64_TO_32_BIT_CONVERSION = YES;
				GCC_WARN_ABOUT_RETURN_TYPE = YES_ERROR;
				GCC_WARN_UNDECLARED_SELECTOR = YES;
				GCC_WARN_UNINITIALIZED_AUTOS = YES_AGGRESSIVE;
				GCC_WARN_UNUSED_FUNCTION = YES;
				GCC_WARN_UNUSED_VARIABLE = YES;
				IPHONEOS_DEPLOYMENT_TARGET = 17.4;
				LOCALIZATION_PREFERS_STRING_CATALOGS = YES;
				MTL_ENABLE_DEBUG_INFO = INCLUDE_SOURCE;
				MTL_FAST_MATH = YES;
				ONLY_ACTIVE_ARCH = YES;
				SDKROOT = iphoneos;
				SWIFT_ACTIVE_COMPILATION_CONDITIONS = "DEBUG $(inherited)";
				SWIFT_OPTIMIZATION_LEVEL = "-Onone";
			};
			name = Debug;
		};
		2C7E9D0B2BE0FA5E00EBD53B /* Release */ = {
			isa = XCBuildConfiguration;
			buildSettings = {
				ALWAYS_SEARCH_USER_PATHS = NO;
				ASSETCATALOG_COMPILER_GENERATE_SWIFT_ASSET_SYMBOL_EXTENSIONS = YES;
				CLANG_ANALYZER_NONNULL = YES;
				CLANG_ANALYZER_NUMBER_OBJECT_CONVERSION = YES_AGGRESSIVE;
				CLANG_CXX_LANGUAGE_STANDARD = "gnu++20";
				CLANG_ENABLE_MODULES = YES;
				CLANG_ENABLE_OBJC_ARC = YES;
				CLANG_ENABLE_OBJC_WEAK = YES;
				CLANG_WARN_BLOCK_CAPTURE_AUTORELEASING = YES;
				CLANG_WARN_BOOL_CONVERSION = YES;
				CLANG_WARN_COMMA = YES;
				CLANG_WARN_CONSTANT_CONVERSION = YES;
				CLANG_WARN_DEPRECATED_OBJC_IMPLEMENTATIONS = YES;
				CLANG_WARN_DIRECT_OBJC_ISA_USAGE = YES_ERROR;
				CLANG_WARN_DOCUMENTATION_COMMENTS = YES;
				CLANG_WARN_EMPTY_BODY = YES;
				CLANG_WARN_ENUM_CONVERSION = YES;
				CLANG_WARN_INFINITE_RECURSION = YES;
				CLANG_WARN_INT_CONVERSION = YES;
				CLANG_WARN_NON_LITERAL_NULL_CONVERSION = YES;
				CLANG_WARN_OBJC_IMPLICIT_RETAIN_SELF = YES;
				CLANG_WARN_OBJC_LITERAL_CONVERSION = YES;
				CLANG_WARN_OBJC_ROOT_CLASS = YES_ERROR;
				CLANG_WARN_QUOTED_INCLUDE_IN_FRAMEWORK_HEADER = YES;
				CLANG_WARN_RANGE_LOOP_ANALYSIS = YES;
				CLANG_WARN_STRICT_PROTOTYPES = YES;
				CLANG_WARN_SUSPICIOUS_MOVE = YES;
				CLANG_WARN_UNGUARDED_AVAILABILITY = YES_AGGRESSIVE;
				CLANG_WARN_UNREACHABLE_CODE = YES;
				CLANG_WARN__DUPLICATE_METHOD_MATCH = YES;
				COPY_PHASE_STRIP = NO;
				DEBUG_INFORMATION_FORMAT = "dwarf-with-dsym";
				ENABLE_NS_ASSERTIONS = NO;
				ENABLE_STRICT_OBJC_MSGSEND = YES;
				ENABLE_USER_SCRIPT_SANDBOXING = YES;
				GCC_C_LANGUAGE_STANDARD = gnu17;
				GCC_NO_COMMON_BLOCKS = YES;
				GCC_WARN_64_TO_32_BIT_CONVERSION = YES;
				GCC_WARN_ABOUT_RETURN_TYPE = YES_ERROR;
				GCC_WARN_UNDECLARED_SELECTOR = YES;
				GCC_WARN_UNINITIALIZED_AUTOS = YES_AGGRESSIVE;
				GCC_WARN_UNUSED_FUNCTION = YES;
				GCC_WARN_UNUSED_VARIABLE = YES;
				IPHONEOS_DEPLOYMENT_TARGET = 17.4;
				LOCALIZATION_PREFERS_STRING_CATALOGS = YES;
				MTL_ENABLE_DEBUG_INFO = NO;
				MTL_FAST_MATH = YES;
				SDKROOT = iphoneos;
				SWIFT_COMPILATION_MODE = wholemodule;
				VALIDATE_PRODUCT = YES;
			};
			name = Release;
		};
		2C7E9D0D2BE0FA5E00EBD53B /* Debug */ = {
			isa = XCBuildConfiguration;
			buildSettings = {
				ASSETCATALOG_COMPILER_APPICON_NAME = AppIcon;
				ASSETCATALOG_COMPILER_GLOBAL_ACCENT_COLOR_NAME = AccentColor;
				CODE_SIGN_IDENTITY = "Apple Development";
				CODE_SIGN_STYLE = Automatic;
				CURRENT_PROJECT_VERSION = 1;
				DEVELOPMENT_ASSET_PATHS = "\"PhoneNumberAuth/Preview Content\"";
				DEVELOPMENT_TEAM = "";
				ENABLE_PREVIEWS = YES;
				GENERATE_INFOPLIST_FILE = YES;
				INFOPLIST_FILE = PhoneNumberAuth/Info.plist;
				INFOPLIST_KEY_CFBundleDisplayName = PhoneNumberAuth;
				INFOPLIST_KEY_UIApplicationSceneManifest_Generation = YES;
				INFOPLIST_KEY_UIApplicationSupportsIndirectInputEvents = YES;
				INFOPLIST_KEY_UILaunchScreen_Generation = YES;
				INFOPLIST_KEY_UISupportedInterfaceOrientations_iPad = "UIInterfaceOrientationPortrait UIInterfaceOrientationPortraitUpsideDown UIInterfaceOrientationLandscapeLeft UIInterfaceOrientationLandscapeRight";
				INFOPLIST_KEY_UISupportedInterfaceOrientations_iPhone = "UIInterfaceOrientationPortrait UIInterfaceOrientationLandscapeLeft UIInterfaceOrientationLandscapeRight";
				LD_RUNPATH_SEARCH_PATHS = (
					"$(inherited)",
					"@executable_path/Frameworks",
				);
				MARKETING_VERSION = 1.0;
				PRODUCT_BUNDLE_IDENTIFIER = com.dreamteam;
				PRODUCT_NAME = "$(TARGET_NAME)";
				PROVISIONING_PROFILE_SPECIFIER = "";
				SWIFT_EMIT_LOC_STRINGS = YES;
				SWIFT_VERSION = 5.0;
				TARGETED_DEVICE_FAMILY = "1,2";
			};
			name = Debug;
		};
		2C7E9D0E2BE0FA5E00EBD53B /* Release */ = {
			isa = XCBuildConfiguration;
			buildSettings = {
				ASSETCATALOG_COMPILER_APPICON_NAME = AppIcon;
				ASSETCATALOG_COMPILER_GLOBAL_ACCENT_COLOR_NAME = AccentColor;
				CODE_SIGN_IDENTITY = "Apple Development";
				CODE_SIGN_STYLE = Automatic;
				CURRENT_PROJECT_VERSION = 1;
				DEVELOPMENT_ASSET_PATHS = "\"PhoneNumberAuth/Preview Content\"";
				DEVELOPMENT_TEAM = "";
				ENABLE_PREVIEWS = YES;
				GENERATE_INFOPLIST_FILE = YES;
				INFOPLIST_FILE = PhoneNumberAuth/Info.plist;
				INFOPLIST_KEY_CFBundleDisplayName = PhoneNumberAuth;
				INFOPLIST_KEY_UIApplicationSceneManifest_Generation = YES;
				INFOPLIST_KEY_UIApplicationSupportsIndirectInputEvents = YES;
				INFOPLIST_KEY_UILaunchScreen_Generation = YES;
				INFOPLIST_KEY_UISupportedInterfaceOrientations_iPad = "UIInterfaceOrientationPortrait UIInterfaceOrientationPortraitUpsideDown UIInterfaceOrientationLandscapeLeft UIInterfaceOrientationLandscapeRight";
				INFOPLIST_KEY_UISupportedInterfaceOrientations_iPhone = "UIInterfaceOrientationPortrait UIInterfaceOrientationLandscapeLeft UIInterfaceOrientationLandscapeRight";
				LD_RUNPATH_SEARCH_PATHS = (
					"$(inherited)",
					"@executable_path/Frameworks",
				);
				MARKETING_VERSION = 1.0;
				PRODUCT_BUNDLE_IDENTIFIER = com.dreamteam;
				PRODUCT_NAME = "$(TARGET_NAME)";
				PROVISIONING_PROFILE_SPECIFIER = "";
				SWIFT_EMIT_LOC_STRINGS = YES;
				SWIFT_VERSION = 5.0;
				TARGETED_DEVICE_FAMILY = "1,2";
			};
			name = Release;
		};
/* End XCBuildConfiguration section */

/* Begin XCConfigurationList section */
		2C7E9CF92BE0FA5C00EBD53B /* Build configuration list for PBXProject "PhoneNumberAuth" */ = {
			isa = XCConfigurationList;
			buildConfigurations = (
				2C7E9D0A2BE0FA5E00EBD53B /* Debug */,
				2C7E9D0B2BE0FA5E00EBD53B /* Release */,
			);
			defaultConfigurationIsVisible = 0;
			defaultConfigurationName = Release;
		};
		2C7E9D0C2BE0FA5E00EBD53B /* Build configuration list for PBXNativeTarget "PhoneNumberAuth" */ = {
			isa = XCConfigurationList;
			buildConfigurations = (
				2C7E9D0D2BE0FA5E00EBD53B /* Debug */,
				2C7E9D0E2BE0FA5E00EBD53B /* Release */,
			);
			defaultConfigurationIsVisible = 0;
			defaultConfigurationName = Release;
		};
/* End XCConfigurationList section */

/* Begin XCRemoteSwiftPackageReference section */
		2C7E9D0F2BE0FAF300EBD53B /* XCRemoteSwiftPackageReference "ios-quickblox-sdk" */ = {
			isa = XCRemoteSwiftPackageReference;
			repositoryURL = "https://github.com/QuickBlox/ios-quickblox-sdk.git";
			requirement = {
				kind = upToNextMajorVersion;
				minimumVersion = 2.19.0;
			};
		};
		2CFD8D9A2BE3B0DD0007D164 /* XCRemoteSwiftPackageReference "FirebaseUI-iOS" */ = {
			isa = XCRemoteSwiftPackageReference;
			repositoryURL = "https://github.com/firebase/FirebaseUI-iOS";
			requirement = {
				kind = exactVersion;
				version = 13.1.0;
			};
		};
/* End XCRemoteSwiftPackageReference section */

/* Begin XCSwiftPackageProductDependency section */
		2C7E9D102BE0FAF300EBD53B /* Quickblox */ = {
			isa = XCSwiftPackageProductDependency;
			package = 2C7E9D0F2BE0FAF300EBD53B /* XCRemoteSwiftPackageReference "ios-quickblox-sdk" */;
			productName = Quickblox;
		};
		2CFD8D9B2BE3B0DD0007D164 /* FirebasePhoneAuthUI */ = {
			isa = XCSwiftPackageProductDependency;
			package = 2CFD8D9A2BE3B0DD0007D164 /* XCRemoteSwiftPackageReference "FirebaseUI-iOS" */;
			productName = FirebasePhoneAuthUI;
		};
/* End XCSwiftPackageProductDependency section */
	};
	rootObject = 2C7E9CF62BE0FA5C00EBD53B /* Project object */;
}
